
Microsoft Visual Studio Solution File, Format Version 12.00
# Visual Studio Version 17
VisualStudioVersion = 17.7.34302.85
MinimumVisualStudioVersion = 10.0.40219.1
Project("{00D1A9C2-B5F0-4AF3-8072-F6C62B433612}") = "SysSchemaSync", "SysSchemaSync.sqlproj", "{8007EDFB-445E-4A5A-B22B-EE28912F2454}"
EndProject
Global
	GlobalSection(SolutionConfigurationPlatforms) = preSolution
		Debug|Any CPU = Debug|Any CPU
		Release|Any CPU = Release|Any CPU
	EndGlobalSection
	GlobalSection(ProjectConfigurationPlatforms) = postSolution
		{8007EDFB-445E-4A5A-B22B-EE28912F2454}.Debug|Any CPU.ActiveCfg = Debug|Any CPU
		{8007EDFB-445E-4A5A-B22B-EE28912F2454}.Debug|Any CPU.Build.0 = Debug|Any CPU
		{8007EDFB-445E-4A5A-B22B-EE28912F2454}.Debug|Any CPU.Deploy.0 = Debug|Any CPU
		{8007EDFB-445E-4A5A-B22B-EE28912F2454}.Release|Any CPU.ActiveCfg = Release|Any CPU
		{8007EDFB-445E-4A5A-B22B-EE28912F2454}.Release|Any CPU.Build.0 = Release|Any CPU
		{8007EDFB-445E-4A5A-B22B-EE28912F2454}.Release|Any CPU.Deploy.0 = Release|Any CPU
	EndGlobalSection
	GlobalSection(SolutionProperties) = preSolution
		HideSolutionNode = FALSE
	EndGlobalSection
	GlobalSection(ExtensibilityGlobals) = postSolution
		SolutionGuid = {34C2D207-6DE0-4F0E-B551-247F67762470}
	EndGlobalSection
EndGlobal
